
Microsoft Visual Studio Solution File, Format Version 12.00
# Visual Studio 2012
Project("{FAE04EC0-301F-11D3-BF4B-00C04F79EFBC}") = "Starting02.iOS", "iOS\Starting02.iOS.csproj", "{45747131-8F69-4BB3-8553-24A3812C8DF4}"
EndProject
Project("{FAE04EC0-301F-11D3-BF4B-00C04F79EFBC}") = "Starting02.Droid", "Droid\Starting02.Droid.csproj", "{462CF639-48D8-494C-AE8A-CE4CE682BAAA}"
EndProject
Project("{FAE04EC0-301F-11D3-BF4B-00C04F79EFBC}") = "StartingPCL", "StartingPCL\StartingPCL.csproj", "{C88101B6-4A25-400B-BAFE-F0BA85BCE88D}"
EndProject
Project("{FAE04EC0-301F-11D3-BF4B-00C04F79EFBC}") = "Starting.iOS", "Starting.iOS\Starting.iOS.csproj", "{68EB20E0-9C47-4FAD-B08D-1060236975E6}"
EndProject
Project("{FAE04EC0-301F-11D3-BF4B-00C04F79EFBC}") = "Starting.Tests", "Starting.Tests\Starting.Tests.csproj", "{48F6ADD2-4A22-462B-91FA-47D17E2142C3}"
EndProject
Global
	GlobalSection(SolutionConfigurationPlatforms) = preSolution
		Debug|Any CPU = Debug|Any CPU
		Release|Any CPU = Release|Any CPU
		Debug|iPhoneSimulator = Debug|iPhoneSimulator
		Release|iPhone = Release|iPhone
		Release|iPhoneSimulator = Release|iPhoneSimulator
		Debug|iPhone = Debug|iPhone
	EndGlobalSection
	GlobalSection(ProjectConfigurationPlatforms) = postSolution
		{45747131-8F69-4BB3-8553-24A3812C8DF4}.Debug|Any CPU.ActiveCfg = Debug|iPhoneSimulator
		{45747131-8F69-4BB3-8553-24A3812C8DF4}.Debug|Any CPU.Build.0 = Debug|iPhoneSimulator
		{45747131-8F69-4BB3-8553-24A3812C8DF4}.Debug|iPhone.ActiveCfg = Debug|iPhone
		{45747131-8F69-4BB3-8553-24A3812C8DF4}.Debug|iPhone.Build.0 = Debug|iPhone
		{45747131-8F69-4BB3-8553-24A3812C8DF4}.Debug|iPhoneSimulator.ActiveCfg = Debug|iPhoneSimulator
		{45747131-8F69-4BB3-8553-24A3812C8DF4}.Debug|iPhoneSimulator.Build.0 = Debug|iPhoneSimulator
		{45747131-8F69-4BB3-8553-24A3812C8DF4}.Release|Any CPU.ActiveCfg = Release|iPhone
		{45747131-8F69-4BB3-8553-24A3812C8DF4}.Release|Any CPU.Build.0 = Release|iPhone
		{45747131-8F69-4BB3-8553-24A3812C8DF4}.Release|iPhone.ActiveCfg = Release|iPhone
		{45747131-8F69-4BB3-8553-24A3812C8DF4}.Release|iPhone.Build.0 = Release|iPhone
		{45747131-8F69-4BB3-8553-24A3812C8DF4}.Release|iPhoneSimulator.ActiveCfg = Release|iPhoneSimulator
		{45747131-8F69-4BB3-8553-24A3812C8DF4}.Release|iPhoneSimulator.Build.0 = Release|iPhoneSimulator
		{462CF639-48D8-494C-AE8A-CE4CE682BAAA}.Debug|Any CPU.ActiveCfg = Debug|Any CPU
		{462CF639-48D8-494C-AE8A-CE4CE682BAAA}.Debug|Any CPU.Build.0 = Debug|Any CPU
		{462CF639-48D8-494C-AE8A-CE4CE682BAAA}.Debug|iPhone.ActiveCfg = Debug|Any CPU
		{462CF639-48D8-494C-AE8A-CE4CE682BAAA}.Debug|iPhone.Build.0 = Debug|Any CPU
		{462CF639-48D8-494C-AE8A-CE4CE682BAAA}.Debug|iPhoneSimulator.ActiveCfg = Debug|Any CPU
		{462CF639-48D8-494C-AE8A-CE4CE682BAAA}.Debug|iPhoneSimulator.Build.0 = Debug|Any CPU
		{462CF639-48D8-494C-AE8A-CE4CE682BAAA}.Release|Any CPU.ActiveCfg = Release|Any CPU
		{462CF639-48D8-494C-AE8A-CE4CE682BAAA}.Release|Any CPU.Build.0 = Release|Any CPU
		{462CF639-48D8-494C-AE8A-CE4CE682BAAA}.Release|iPhone.ActiveCfg = Release|Any CPU
		{462CF639-48D8-494C-AE8A-CE4CE682BAAA}.Release|iPhone.Build.0 = Release|Any CPU
		{462CF639-48D8-494C-AE8A-CE4CE682BAAA}.Release|iPhoneSimulator.ActiveCfg = Release|Any CPU
		{462CF639-48D8-494C-AE8A-CE4CE682BAAA}.Release|iPhoneSimulator.Build.0 = Release|Any CPU
		{48F6ADD2-4A22-462B-91FA-47D17E2142C3}.Debug|Any CPU.ActiveCfg = Debug|Any CPU
		{48F6ADD2-4A22-462B-91FA-47D17E2142C3}.Debug|Any CPU.Build.0 = Debug|Any CPU
		{48F6ADD2-4A22-462B-91FA-47D17E2142C3}.Debug|iPhone.ActiveCfg = Debug|Any CPU
		{48F6ADD2-4A22-462B-91FA-47D17E2142C3}.Debug|iPhone.Build.0 = Debug|Any CPU
		{48F6ADD2-4A22-462B-91FA-47D17E2142C3}.Debug|iPhoneSimulator.ActiveCfg = Debug|Any CPU
		{48F6ADD2-4A22-462B-91FA-47D17E2142C3}.Debug|iPhoneSimulator.Build.0 = Debug|Any CPU
		{48F6ADD2-4A22-462B-91FA-47D17E2142C3}.Release|Any CPU.ActiveCfg = Release|Any CPU
		{48F6ADD2-4A22-462B-91FA-47D17E2142C3}.Release|Any CPU.Build.0 = Release|Any CPU
		{48F6ADD2-4A22-462B-91FA-47D17E2142C3}.Release|iPhone.ActiveCfg = Release|Any CPU
		{48F6ADD2-4A22-462B-91FA-47D17E2142C3}.Release|iPhone.Build.0 = Release|Any CPU
		{48F6ADD2-4A22-462B-91FA-47D17E2142C3}.Release|iPhoneSimulator.ActiveCfg = Release|Any CPU
		{48F6ADD2-4A22-462B-91FA-47D17E2142C3}.Release|iPhoneSimulator.Build.0 = Release|Any CPU
		{68EB20E0-9C47-4FAD-B08D-1060236975E6}.Debug|Any CPU.ActiveCfg = Debug|iPhoneSimulator
		{68EB20E0-9C47-4FAD-B08D-1060236975E6}.Debug|Any CPU.Build.0 = Debug|iPhoneSimulator
		{68EB20E0-9C47-4FAD-B08D-1060236975E6}.Debug|iPhone.ActiveCfg = Debug|iPhone
		{68EB20E0-9C47-4FAD-B08D-1060236975E6}.Debug|iPhone.Build.0 = Debug|iPhone
		{68EB20E0-9C47-4FAD-B08D-1060236975E6}.Debug|iPhoneSimulator.ActiveCfg = Debug|iPhoneSimulator
		{68EB20E0-9C47-4FAD-B08D-1060236975E6}.Debug|iPhoneSimulator.Build.0 = Debug|iPhoneSimulator
		{68EB20E0-9C47-4FAD-B08D-1060236975E6}.Release|Any CPU.ActiveCfg = Release|iPhone
		{68EB20E0-9C47-4FAD-B08D-1060236975E6}.Release|Any CPU.Build.0 = Release|iPhone
		{68EB20E0-9C47-4FAD-B08D-1060236975E6}.Release|iPhone.ActiveCfg = Release|iPhone
		{68EB20E0-9C47-4FAD-B08D-1060236975E6}.Release|iPhone.Build.0 = Release|iPhone
		{68EB20E0-9C47-4FAD-B08D-1060236975E6}.Release|iPhoneSimulator.ActiveCfg = Release|iPhoneSimulator
		{68EB20E0-9C47-4FAD-B08D-1060236975E6}.Release|iPhoneSimulator.Build.0 = Release|iPhoneSimulator
		{C88101B6-4A25-400B-BAFE-F0BA85BCE88D}.Debug|Any CPU.ActiveCfg = Debug|Any CPU
		{C88101B6-4A25-400B-BAFE-F0BA85BCE88D}.Debug|Any CPU.Build.0 = Debug|Any CPU
		{C88101B6-4A25-400B-BAFE-F0BA85BCE88D}.Debug|iPhone.ActiveCfg = Debug|Any CPU
		{C88101B6-4A25-400B-BAFE-F0BA85BCE88D}.Debug|iPhone.Build.0 = Debug|Any CPU
		{C88101B6-4A25-400B-BAFE-F0BA85BCE88D}.Debug|iPhoneSimulator.ActiveCfg = Debug|Any CPU
		{C88101B6-4A25-400B-BAFE-F0BA85BCE88D}.Debug|iPhoneSimulator.Build.0 = Debug|Any CPU
		{C88101B6-4A25-400B-BAFE-F0BA85BCE88D}.Release|Any CPU.ActiveCfg = Release|Any CPU
		{C88101B6-4A25-400B-BAFE-F0BA85BCE88D}.Release|Any CPU.Build.0 = Release|Any CPU
		{C88101B6-4A25-400B-BAFE-F0BA85BCE88D}.Release|iPhone.ActiveCfg = Release|Any CPU
		{C88101B6-4A25-400B-BAFE-F0BA85BCE88D}.Release|iPhone.Build.0 = Release|Any CPU
		{C88101B6-4A25-400B-BAFE-F0BA85BCE88D}.Release|iPhoneSimulator.ActiveCfg = Release|Any CPU
		{C88101B6-4A25-400B-BAFE-F0BA85BCE88D}.Release|iPhoneSimulator.Build.0 = Release|Any CPU
	EndGlobalSection
EndGlobal
